{
  "name": "examples",
  "requires": true,
  "lockfileVersion": 1,
  "dependencies": {
    "object-traversal": {
      "version": "0.1.1",
      "resolved": "https://registry.npmjs.org/object-traversal/-/object-traversal-0.1.1.tgz",
      "integrity": "sha512-yrNVkYfmRxTxkuES3WZn6DxQqhvgQcOBKgqrHiOJ30IV1QNb6amWqKB1fStTqSWOpmJvtYmySV/BNy+PJsHJFQ=="
    }
  }
}
